
Microsoft Visual Studio Solution File, Format Version 11.00
# Visual Studio 2010
Project("{8BC9CEB8-8B4A-11D0-8D11-00A0C91BC942}") = "Y-Axis_Sensitivity_Fix_gta3vcsa", "Y-Axis_Sensitivity_Fix_gta3vcsa\Y-Axis_Sensitivity_Fix_gta3vcsa.vcxproj", "{ECC4CAB8-9078-4A5A-B247-AB3A8C83E587}"
EndProject
Global
	GlobalSection(SolutionConfigurationPlatforms) = preSolution
		Debug|Win32 = Debug|Win32
		Release|Win32 = Release|Win32
	EndGlobalSection
	GlobalSection(ProjectConfigurationPlatforms) = postSolution
		{ECC4CAB8-9078-4A5A-B247-AB3A8C83E587}.Debug|Win32.ActiveCfg = Debug|Win32
		{ECC4CAB8-9078-4A5A-B247-AB3A8C83E587}.Debug|Win32.Build.0 = Debug|Win32
		{ECC4CAB8-9078-4A5A-B247-AB3A8C83E587}.Release|Win32.ActiveCfg = Release|Win32
		{ECC4CAB8-9078-4A5A-B247-AB3A8C83E587}.Release|Win32.Build.0 = Release|Win32
	EndGlobalSection
	GlobalSection(SolutionProperties) = preSolution
		HideSolutionNode = FALSE
	EndGlobalSection
EndGlobal
